
Microsoft Visual Studio Solution File, Format Version 12.00
# Visual Studio Version 17
VisualStudioVersion = 17.3.32819.101
MinimumVisualStudioVersion = 10.0.40219.1
Project("{9A19103F-16F7-4668-BE54-9A1E7A4F7556}") = "TallyAssignment 4", "TallyAssignment 4\TallyAssignment 4.csproj", "{9A0746CF-B985-4606-9479-FFA4A33B4DFC}"
EndProject
Project("{FAE04EC0-301F-11D3-BF4B-00C04F79EFBC}") = "XUnitSubjectTests", "XUnitSubjectTests\XUnitSubjectTests.csproj", "{6ABDC6A0-4DB0-48F1-931A-A13557581B47}"
EndProject
Global
	GlobalSection(SolutionConfigurationPlatforms) = preSolution
		Debug|Any CPU = Debug|Any CPU
		Release|Any CPU = Release|Any CPU
	EndGlobalSection
	GlobalSection(ProjectConfigurationPlatforms) = postSolution
		{9A0746CF-B985-4606-9479-FFA4A33B4DFC}.Debug|Any CPU.ActiveCfg = Debug|Any CPU
		{9A0746CF-B985-4606-9479-FFA4A33B4DFC}.Debug|Any CPU.Build.0 = Debug|Any CPU
		{9A0746CF-B985-4606-9479-FFA4A33B4DFC}.Release|Any CPU.ActiveCfg = Release|Any CPU
		{9A0746CF-B985-4606-9479-FFA4A33B4DFC}.Release|Any CPU.Build.0 = Release|Any CPU
		{6ABDC6A0-4DB0-48F1-931A-A13557581B47}.Debug|Any CPU.ActiveCfg = Debug|Any CPU
		{6ABDC6A0-4DB0-48F1-931A-A13557581B47}.Debug|Any CPU.Build.0 = Debug|Any CPU
		{6ABDC6A0-4DB0-48F1-931A-A13557581B47}.Release|Any CPU.ActiveCfg = Release|Any CPU
		{6ABDC6A0-4DB0-48F1-931A-A13557581B47}.Release|Any CPU.Build.0 = Release|Any CPU
	EndGlobalSection
	GlobalSection(SolutionProperties) = preSolution
		HideSolutionNode = FALSE
	EndGlobalSection
	GlobalSection(ExtensibilityGlobals) = postSolution
		SolutionGuid = {1132DB9F-35ED-4F11-8943-D35A1687A2CB}
	EndGlobalSection
EndGlobal
